
Microsoft Visual Studio Solution File, Format Version 12.00
# Visual Studio Version 17
VisualStudioVersion = 17.3.32929.385
MinimumVisualStudioVersion = 10.0.40219.1
Project("{FAE04EC0-301F-11D3-BF4B-00C04F79EFBC}") = "ConsoleApp1", "ConsoleApp1\ConsoleApp1.csproj", "{6658083B-60CB-4953-A8F3-86C99B9600F2}"
EndProject
Global
	GlobalSection(SolutionConfigurationPlatforms) = preSolution
		Debug|Any CPU = Debug|Any CPU
		Release|Any CPU = Release|Any CPU
	EndGlobalSection
	GlobalSection(ProjectConfigurationPlatforms) = postSolution
		{6658083B-60CB-4953-A8F3-86C99B9600F2}.Debug|Any CPU.ActiveCfg = Debug|Any CPU
		{6658083B-60CB-4953-A8F3-86C99B9600F2}.Debug|Any CPU.Build.0 = Debug|Any CPU
		{6658083B-60CB-4953-A8F3-86C99B9600F2}.Release|Any CPU.ActiveCfg = Release|Any CPU
		{6658083B-60CB-4953-A8F3-86C99B9600F2}.Release|Any CPU.Build.0 = Release|Any CPU
	EndGlobalSection
	GlobalSection(SolutionProperties) = preSolution
		HideSolutionNode = FALSE
	EndGlobalSection
	GlobalSection(ExtensibilityGlobals) = postSolution
		SolutionGuid = {A1EC2F4F-D6D3-4DED-BB48-5F56EA1BF962}
	EndGlobalSection
EndGlobal
